
Microsoft Visual Studio Solution File, Format Version 12.00
# Visual Studio Version 17
VisualStudioVersion = 17.8.34511.84
MinimumVisualStudioVersion = 10.0.40219.1
Project("{FAE04EC0-301F-11D3-BF4B-00C04F79EFBC}") = "Agenda.Domain", "Agenda.Domain\Agenda.Domain.csproj", "{D86B8BC6-B19D-4921-BC74-3EDD12659DE6}"
EndProject
Project("{FAE04EC0-301F-11D3-BF4B-00C04F79EFBC}") = "Agenda.Data", "Agenda.Data\Agenda.Data.csproj", "{345C4CBC-8018-4697-BA66-C12C8790E0E0}"
EndProject
Project("{FAE04EC0-301F-11D3-BF4B-00C04F79EFBC}") = "Agenda.Application", "Agenda.Application\Agenda.Application.csproj", "{7F1BB6C7-A448-4B1D-AF08-7ED815652033}"
EndProject
Project("{FAE04EC0-301F-11D3-BF4B-00C04F79EFBC}") = "Agenda.Web", "Agenda.Web\Agenda.Web.csproj", "{F6265D32-DF4C-4C5F-AF59-EAAC01CB9EB4}"
EndProject
Project("{2150E333-8FDC-42A3-9474-1A3956D46DE8}") = "1 - UI", "1 - UI", "{FB3DAA10-3AE9-4702-8A01-87D14986D007}"
EndProject
Project("{2150E333-8FDC-42A3-9474-1A3956D46DE8}") = "2 - Application", "2 - Application", "{E88FA9DC-611F-44AA-8095-282BD61BCA5C}"
EndProject
Project("{2150E333-8FDC-42A3-9474-1A3956D46DE8}") = "3 - Domain", "3 - Domain", "{AB17983B-41EE-49F6-90BB-B3D7B06C9330}"
EndProject
Project("{2150E333-8FDC-42A3-9474-1A3956D46DE8}") = "4 - Infra", "4 - Infra", "{5E58F2CE-73AB-4A29-B86C-7D7F0C9C39FA}"
EndProject
Global
	GlobalSection(SolutionConfigurationPlatforms) = preSolution
		Debug|Any CPU = Debug|Any CPU
		Release|Any CPU = Release|Any CPU
	EndGlobalSection
	GlobalSection(ProjectConfigurationPlatforms) = postSolution
		{D86B8BC6-B19D-4921-BC74-3EDD12659DE6}.Debug|Any CPU.ActiveCfg = Debug|Any CPU
		{D86B8BC6-B19D-4921-BC74-3EDD12659DE6}.Debug|Any CPU.Build.0 = Debug|Any CPU
		{D86B8BC6-B19D-4921-BC74-3EDD12659DE6}.Release|Any CPU.ActiveCfg = Release|Any CPU
		{D86B8BC6-B19D-4921-BC74-3EDD12659DE6}.Release|Any CPU.Build.0 = Release|Any CPU
		{345C4CBC-8018-4697-BA66-C12C8790E0E0}.Debug|Any CPU.ActiveCfg = Debug|Any CPU
		{345C4CBC-8018-4697-BA66-C12C8790E0E0}.Debug|Any CPU.Build.0 = Debug|Any CPU
		{345C4CBC-8018-4697-BA66-C12C8790E0E0}.Release|Any CPU.ActiveCfg = Release|Any CPU
		{345C4CBC-8018-4697-BA66-C12C8790E0E0}.Release|Any CPU.Build.0 = Release|Any CPU
		{7F1BB6C7-A448-4B1D-AF08-7ED815652033}.Debug|Any CPU.ActiveCfg = Debug|Any CPU
		{7F1BB6C7-A448-4B1D-AF08-7ED815652033}.Debug|Any CPU.Build.0 = Debug|Any CPU
		{7F1BB6C7-A448-4B1D-AF08-7ED815652033}.Release|Any CPU.ActiveCfg = Release|Any CPU
		{7F1BB6C7-A448-4B1D-AF08-7ED815652033}.Release|Any CPU.Build.0 = Release|Any CPU
		{F6265D32-DF4C-4C5F-AF59-EAAC01CB9EB4}.Debug|Any CPU.ActiveCfg = Debug|Any CPU
		{F6265D32-DF4C-4C5F-AF59-EAAC01CB9EB4}.Debug|Any CPU.Build.0 = Debug|Any CPU
		{F6265D32-DF4C-4C5F-AF59-EAAC01CB9EB4}.Release|Any CPU.ActiveCfg = Release|Any CPU
		{F6265D32-DF4C-4C5F-AF59-EAAC01CB9EB4}.Release|Any CPU.Build.0 = Release|Any CPU
	EndGlobalSection
	GlobalSection(SolutionProperties) = preSolution
		HideSolutionNode = FALSE
	EndGlobalSection
	GlobalSection(NestedProjects) = preSolution
		{D86B8BC6-B19D-4921-BC74-3EDD12659DE6} = {AB17983B-41EE-49F6-90BB-B3D7B06C9330}
		{345C4CBC-8018-4697-BA66-C12C8790E0E0} = {5E58F2CE-73AB-4A29-B86C-7D7F0C9C39FA}
		{7F1BB6C7-A448-4B1D-AF08-7ED815652033} = {E88FA9DC-611F-44AA-8095-282BD61BCA5C}
		{F6265D32-DF4C-4C5F-AF59-EAAC01CB9EB4} = {FB3DAA10-3AE9-4702-8A01-87D14986D007}
	EndGlobalSection
	GlobalSection(ExtensibilityGlobals) = postSolution
		SolutionGuid = {DFD1762E-AC1F-4C72-BB47-B12C5E6438D8}
	EndGlobalSection
EndGlobal
